
Microsoft Visual Studio Solution File, Format Version 12.00
# Visual Studio Version 16
VisualStudioVersion = 16.0.31624.102
MinimumVisualStudioVersion = 10.0.40219.1
Project("{9A19103F-16F7-4668-BE54-9A1E7A4F7556}") = "AlbumViewer", "AlbumViewer\AlbumViewer.csproj", "{C58C00A8-7A94-40AE-BFAA-4095FBBF02F8}"
EndProject
Project("{FAE04EC0-301F-11D3-BF4B-00C04F79EFBC}") = "AlbumViewer.Service", "AlbumViewer.Service\AlbumViewer.Service.csproj", "{EC5285DF-7809-4FE3-B9AA-890DB93392EF}"
EndProject
Project("{FAE04EC0-301F-11D3-BF4B-00C04F79EFBC}") = "AlbumViewer.Data", "AlbumViewer.Data\AlbumViewer.Data.csproj", "{C3D89464-18A8-439A-AFBA-EC9AD87DAB9F}"
EndProject
Global
	GlobalSection(SolutionConfigurationPlatforms) = preSolution
		Debug|Any CPU = Debug|Any CPU
		Release|Any CPU = Release|Any CPU
	EndGlobalSection
	GlobalSection(ProjectConfigurationPlatforms) = postSolution
		{C58C00A8-7A94-40AE-BFAA-4095FBBF02F8}.Debug|Any CPU.ActiveCfg = Debug|Any CPU
		{C58C00A8-7A94-40AE-BFAA-4095FBBF02F8}.Debug|Any CPU.Build.0 = Debug|Any CPU
		{C58C00A8-7A94-40AE-BFAA-4095FBBF02F8}.Release|Any CPU.ActiveCfg = Release|Any CPU
		{C58C00A8-7A94-40AE-BFAA-4095FBBF02F8}.Release|Any CPU.Build.0 = Release|Any CPU
		{EC5285DF-7809-4FE3-B9AA-890DB93392EF}.Debug|Any CPU.ActiveCfg = Debug|Any CPU
		{EC5285DF-7809-4FE3-B9AA-890DB93392EF}.Debug|Any CPU.Build.0 = Debug|Any CPU
		{EC5285DF-7809-4FE3-B9AA-890DB93392EF}.Release|Any CPU.ActiveCfg = Release|Any CPU
		{EC5285DF-7809-4FE3-B9AA-890DB93392EF}.Release|Any CPU.Build.0 = Release|Any CPU
		{C3D89464-18A8-439A-AFBA-EC9AD87DAB9F}.Debug|Any CPU.ActiveCfg = Debug|Any CPU
		{C3D89464-18A8-439A-AFBA-EC9AD87DAB9F}.Debug|Any CPU.Build.0 = Debug|Any CPU
		{C3D89464-18A8-439A-AFBA-EC9AD87DAB9F}.Release|Any CPU.ActiveCfg = Release|Any CPU
		{C3D89464-18A8-439A-AFBA-EC9AD87DAB9F}.Release|Any CPU.Build.0 = Release|Any CPU
	EndGlobalSection
	GlobalSection(SolutionProperties) = preSolution
		HideSolutionNode = FALSE
	EndGlobalSection
	GlobalSection(ExtensibilityGlobals) = postSolution
		SolutionGuid = {5CC2E5BD-AE56-4DA4-889C-9632A5F578CC}
	EndGlobalSection
EndGlobal
